// !$*UTF8*$!
{
	archiveVersion = 1;
	classes = {
	};
	objectVersion = 50;
	objects = {

/* Begin PBXBuildFile section */
		F63A15B322029D4400BCBF41 /* DataModel.xcdatamodeld in Sources */ = {isa = PBXBuildFile; fileRef = F63A15B122029D4400BCBF41 /* DataModel.xcdatamodeld */; };
		F6A0F65921F289EC00DCD4BA /* AppDelegate.swift in Sources */ = {isa = PBXBuildFile; fileRef = F6A0F65821F289EC00DCD4BA /* AppDelegate.swift */; };
		F6A0F65B21F289EC00DCD4BA /* MyListViewController.swift in Sources */ = {isa = PBXBuildFile; fileRef = F6A0F65A21F289EC00DCD4BA /* MyListViewController.swift */; };
		F6A0F65E21F289EC00DCD4BA /* Main.storyboard in Resources */ = {isa = PBXBuildFile; fileRef = F6A0F65C21F289EC00DCD4BA /* Main.storyboard */; };
		F6A0F66021F289ED00DCD4BA /* Assets.xcassets in Resources */ = {isa = PBXBuildFile; fileRef = F6A0F65F21F289ED00DCD4BA /* Assets.xcassets */; };
		F6A0F66321F289ED00DCD4BA /* LaunchScreen.storyboard in Resources */ = {isa = PBXBuildFile; fileRef = F6A0F66121F289ED00DCD4BA /* LaunchScreen.storyboard */; };
/* End PBXBuildFile section */

/* Begin PBXFileReference section */
		F63A15B222029D4400BCBF41 /* DataModel.xcdatamodel */ = {isa = PBXFileReference; lastKnownFileType = wrapper.xcdatamodel; path = DataModel.xcdatamodel; sourceTree = "<group>"; };
		F6A0F65521F289EC00DCD4BA /* MyList.app */ = {isa = PBXFileReference; explicitFileType = wrapper.application; includeInIndex = 0; path = MyList.app; sourceTree = BUILT_PRODUCTS_DIR; };
		F6A0F65821F289EC00DCD4BA /* AppDelegate.swift */ = {isa = PBXFileReference; lastKnownFileType = sourcecode.swift; path = AppDelegate.swift; sourceTree = "<group>"; };
		F6A0F65A21F289EC00DCD4BA /* MyListViewController.swift */ = {isa = PBXFileReference; lastKnownFileType = sourcecode.swift; path = MyListViewController.swift; sourceTree = "<group>"; };
		F6A0F65D21F289EC00DCD4BA /* Base */ = {isa = PBXFileReference; lastKnownFileType = file.storyboard; name = Base; path = Base.lproj/Main.storyboard; sourceTree = "<group>"; };
		F6A0F65F21F289ED00DCD4BA /* Assets.xcassets */ = {isa = PBXFileReference; lastKnownFileType = folder.assetcatalog; path = Assets.xcassets; sourceTree = "<group>"; };
		F6A0F66221F289ED00DCD4BA /* Base */ = {isa = PBXFileReference; lastKnownFileType = file.storyboard; name = Base; path = Base.lproj/LaunchScreen.storyboard; sourceTree = "<group>"; };
		F6A0F66421F289ED00DCD4BA /* Info.plist */ = {isa = PBXFileReference; lastKnownFileType = text.plist.xml; path = Info.plist; sourceTree = "<group>"; };
/* End PBXFileReference section */

/* Begin PBXFrameworksBuildPhase section */
		F6A0F65221F289EC00DCD4BA /* Frameworks */ = {
			isa = PBXFrameworksBuildPhase;
			buildActionMask = 2147483647;
			files = (
			);
			runOnlyForDeploymentPostprocessing = 0;
		};
/* End PBXFrameworksBuildPhase section */

/* Begin PBXGroup section */
		F6A0F64C21F289EC00DCD4BA = {
			isa = PBXGroup;
			children = (
				F6A0F65721F289EC00DCD4BA /* MyList */,
				F6A0F65621F289EC00DCD4BA /* Products */,
			);
			sourceTree = "<group>";
		};
		F6A0F65621F289EC00DCD4BA /* Products */ = {
			isa = PBXGroup;
			children = (
				F6A0F65521F289EC00DCD4BA /* MyList.app */,
			);
			name = Products;
			sourceTree = "<group>";
		};
		F6A0F65721F289EC00DCD4BA /* MyList */ = {
			isa = PBXGroup;
			children = (
				F6A0F65821F289EC00DCD4BA /* AppDelegate.swift */,
				F6C8F3F921F7E7E100E6992E /* Controllers */,
				F6C8F3F821F7E7C500E6992E /* DataModel */,
				F6C8F3FA21F7E82B00E6992E /* Views */,
				F6C8F3FB21F7E85900E6992E /* SupportingFiles */,
				F6A0F66421F289ED00DCD4BA /* Info.plist */,
			);
			path = MyList;
			sourceTree = "<group>";
		};
		F6C8F3F821F7E7C500E6992E /* DataModel */ = {
			isa = PBXGroup;
			children = (
				F63A15B122029D4400BCBF41 /* DataModel.xcdatamodeld */,
			);
			path = DataModel;
			sourceTree = "<group>";
		};
		F6C8F3F921F7E7E100E6992E /* Controllers */ = {
			isa = PBXGroup;
			children = (
				F6A0F65A21F289EC00DCD4BA /* MyListViewController.swift */,
			);
			path = Controllers;
			sourceTree = "<group>";
		};
		F6C8F3FA21F7E82B00E6992E /* Views */ = {
			isa = PBXGroup;
			children = (
				F6A0F65C21F289EC00DCD4BA /* Main.storyboard */,
			);
			path = Views;
			sourceTree = "<group>";
		};
		F6C8F3FB21F7E85900E6992E /* SupportingFiles */ = {
			isa = PBXGroup;
			children = (
				F6A0F65F21F289ED00DCD4BA /* Assets.xcassets */,
				F6A0F66121F289ED00DCD4BA /* LaunchScreen.storyboard */,
			);
			path = SupportingFiles;
			sourceTree = "<group>";
		};
/* End PBXGroup section */

/* Begin PBXNativeTarget section */
		F6A0F65421F289EC00DCD4BA /* MyList */ = {
			isa = PBXNativeTarget;
			buildConfigurationList = F6A0F66721F289ED00DCD4BA /* Build configuration list for PBXNativeTarget "MyList" */;
			buildPhases = (
				F6A0F65121F289EC00DCD4BA /* Sources */,
				F6A0F65221F289EC00DCD4BA /* Frameworks */,
				F6A0F65321F289EC00DCD4BA /* Resources */,
			);
			buildRules = (
			);
			dependencies = (
			);
			name = MyList;
			productName = MyList;
			productReference = F6A0F65521F289EC00DCD4BA /* MyList.app */;
			productType = "com.apple.product-type.application";
		};
/* End PBXNativeTarget section */

/* Begin PBXProject section */
		F6A0F64D21F289EC00DCD4BA /* Project object */ = {
			isa = PBXProject;
			attributes = {
				LastSwiftUpdateCheck = 1010;
				LastUpgradeCheck = 1010;
				ORGANIZATIONNAME = "Don ";
				TargetAttributes = {
					F6A0F65421F289EC00DCD4BA = {
						CreatedOnToolsVersion = 10.1;
					};
				};
			};
			buildConfigurationList = F6A0F65021F289EC00DCD4BA /* Build configuration list for PBXProject "MyList" */;
			compatibilityVersion = "Xcode 9.3";
			developmentRegion = en;
			hasScannedForEncodings = 0;
			knownRegions = (
				en,
				Base,
			);
			mainGroup = F6A0F64C21F289EC00DCD4BA;
			productRefGroup = F6A0F65621F289EC00DCD4BA /* Products */;
			projectDirPath = "";
			projectRoot = "";
			targets = (
				F6A0F65421F289EC00DCD4BA /* MyList */,
			);
		};
/* End PBXProject section */

/* Begin PBXResourcesBuildPhase section */
		F6A0F65321F289EC00DCD4BA /* Resources */ = {
			isa = PBXResourcesBuildPhase;
			buildActionMask = 2147483647;
			files = (
				F6A0F66321F289ED00DCD4BA /* LaunchScreen.storyboard in Resources */,
				F6A0F66021F289ED00DCD4BA /* Assets.xcassets in Resources */,
				F6A0F65E21F289EC00DCD4BA /* Main.storyboard in Resources */,
			);
			runOnlyForDeploymentPostprocessing = 0;
		};
/* End PBXResourcesBuildPhase section */

/* Begin PBXSourcesBuildPhase section */
		F6A0F65121F289EC00DCD4BA /* Sources */ = {
			isa = PBXSourcesBuildPhase;
			buildActionMask = 2147483647;
			files = (
				F6A0F65B21F289EC00DCD4BA /* MyListViewController.swift in Sources */,
				F63A15B322029D4400BCBF41 /* DataModel.xcdatamodeld in Sources */,
				F6A0F65921F289EC00DCD4BA /* AppDelegate.swift in Sources */,
			);
			runOnlyForDeploymentPostprocessing = 0;
		};
/* End PBXSourcesBuildPhase section */

/* Begin PBXVariantGroup section */
		F6A0F65C21F289EC00DCD4BA /* Main.storyboard */ = {
			isa = PBXVariantGroup;
			children = (
				F6A0F65D21F289EC00DCD4BA /* Base */,
			);
			name = Main.storyboard;
			sourceTree = "<group>";
		};
		F6A0F66121F289ED00DCD4BA /* LaunchScreen.storyboard */ = {
			isa = PBXVariantGroup;
			children = (
				F6A0F66221F289ED00DCD4BA /* Base */,
			);
			name = LaunchScreen.storyboard;
			sourceTree = "<group>";
		};
/* End PBXVariantGroup section */

/* Begin XCBuildConfiguration section */
		F6A0F66521F289ED00DCD4BA /* Debug */ = {
			isa = XCBuildConfiguration;
			buildSettings = {
				ALWAYS_SEARCH_USER_PATHS = NO;
				CLANG_ANALYZER_NONNULL = YES;
				CLANG_ANALYZER_NUMBER_OBJECT_CONVERSION = YES_AGGRESSIVE;
				CLANG_CXX_LANGUAGE_STANDARD = "gnu++14";
				CLANG_CXX_LIBRARY = "libc++";
				CLANG_ENABLE_MODULES = YES;
				CLANG_ENABLE_OBJC_ARC = YES;
				CLANG_ENABLE_OBJC_WEAK = YES;
				CLANG_WARN_BLOCK_CAPTURE_AUTORELEASING = YES;
				CLANG_WARN_BOOL_CONVERSION = YES;
				CLANG_WARN_COMMA = YES;
				CLANG_WARN_CONSTANT_CONVERSION = YES;
				CLANG_WARN_DEPRECATED_OBJC_IMPLEMENTATIONS = YES;
				CLANG_WARN_DIRECT_OBJC_ISA_USAGE = YES_ERROR;
				CLANG_WARN_DOCUMENTATION_COMMENTS = YES;
				CLANG_WARN_EMPTY_BODY = YES;
				CLANG_WARN_ENUM_CONVERSION = YES;
				CLANG_WARN_INFINITE_RECURSION = YES;
				CLANG_WARN_INT_CONVERSION = YES;
				CLANG_WARN_NON_LITERAL_NULL_CONVERSION = YES;
				CLANG_WARN_OBJC_IMPLICIT_RETAIN_SELF = YES;
				CLANG_WARN_OBJC_LITERAL_CONVERSION = YES;
				CLANG_WARN_OBJC_ROOT_CLASS = YES_ERROR;
				CLANG_WARN_RANGE_LOOP_ANALYSIS = YES;
				CLANG_WARN_STRICT_PROTOTYPES = YES;
				CLANG_WARN_SUSPICIOUS_MOVE = YES;
				CLANG_WARN_UNGUARDED_AVAILABILITY = YES_AGGRESSIVE;
				CLANG_WARN_UNREACHABLE_CODE = YES;
				CLANG_WARN__DUPLICATE_METHOD_MATCH = YES;
				CODE_SIGN_IDENTITY = "iPhone Developer";
				COPY_PHASE_STRIP = NO;
				DEBUG_INFORMATION_FORMAT = dwarf;
				ENABLE_STRICT_OBJC_MSGSEND = YES;
				ENABLE_TESTABILITY = YES;
				GCC_C_LANGUAGE_STANDARD = gnu11;
				GCC_DYNAMIC_NO_PIC = NO;
				GCC_NO_COMMON_BLOCKS = YES;
				GCC_OPTIMIZATION_LEVEL = 0;
				GCC_PREPROCESSOR_DEFINITIONS = (
					"DEBUG=1",
					"$(inherited)",
				);
				GCC_WARN_64_TO_32_BIT_CONVERSION = YES;
				GCC_WARN_ABOUT_RETURN_TYPE = YES_ERROR;
				GCC_WARN_UNDECLARED_SELECTOR = YES;
				GCC_WARN_UNINITIALIZED_AUTOS = YES_AGGRESSIVE;
				GCC_WARN_UNUSED_FUNCTION = YES;
				GCC_WARN_UNUSED_VARIABLE = YES;
				IPHONEOS_DEPLOYMENT_TARGET = 12.1;
				MTL_ENABLE_DEBUG_INFO = INCLUDE_SOURCE;
				MTL_FAST_MATH = YES;
				ONLY_ACTIVE_ARCH = YES;
				SDKROOT = iphoneos;
				SWIFT_ACTIVE_COMPILATION_CONDITIONS = DEBUG;
				SWIFT_OPTIMIZATION_LEVEL = "-Onone";
			};
			name = Debug;
		};
		F6A0F66621F289ED00DCD4BA /* Release */ = {
			isa = XCBuildConfiguration;
			buildSettings = {
				ALWAYS_SEARCH_USER_PATHS = NO;
				CLANG_ANALYZER_NONNULL = YES;
				CLANG_ANALYZER_NUMBER_OBJECT_CONVERSION = YES_AGGRESSIVE;
				CLANG_CXX_LANGUAGE_STANDARD = "gnu++14";
				CLANG_CXX_LIBRARY = "libc++";
				CLANG_ENABLE_MODULES = YES;
				CLANG_ENABLE_OBJC_ARC = YES;
				CLANG_ENABLE_OBJC_WEAK = YES;
				CLANG_WARN_BLOCK_CAPTURE_AUTORELEASING = YES;
				CLANG_WARN_BOOL_CONVERSION = YES;
				CLANG_WARN_COMMA = YES;
				CLANG_WARN_CONSTANT_CONVERSION = YES;
				CLANG_WARN_DEPRECATED_OBJC_IMPLEMENTATIONS = YES;
				CLANG_WARN_DIRECT_OBJC_ISA_USAGE = YES_ERROR;
				CLANG_WARN_DOCUMENTATION_COMMENTS = YES;
				CLANG_WARN_EMPTY_BODY = YES;
				CLANG_WARN_ENUM_CONVERSION = YES;
				CLANG_WARN_INFINITE_RECURSION = YES;
				CLANG_WARN_INT_CONVERSION = YES;
				CLANG_WARN_NON_LITERAL_NULL_CONVERSION = YES;
				CLANG_WARN_OBJC_IMPLICIT_RETAIN_SELF = YES;
				CLANG_WARN_OBJC_LITERAL_CONVERSION = YES;
				CLANG_WARN_OBJC_ROOT_CLASS = YES_ERROR;
				CLANG_WARN_RANGE_LOOP_ANALYSIS = YES;
				CLANG_WARN_STRICT_PROTOTYPES = YES;
				CLANG_WARN_SUSPICIOUS_MOVE = YES;
				CLANG_WARN_UNGUARDED_AVAILABILITY = YES_AGGRESSIVE;
				CLANG_WARN_UNREACHABLE_CODE = YES;
				CLANG_WARN__DUPLICATE_METHOD_MATCH = YES;
				CODE_SIGN_IDENTITY = "iPhone Developer";
				COPY_PHASE_STRIP = NO;
				DEBUG_INFORMATION_FORMAT = "dwarf-with-dsym";
				ENABLE_NS_ASSERTIONS = NO;
				ENABLE_STRICT_OBJC_MSGSEND = YES;
				GCC_C_LANGUAGE_STANDARD = gnu11;
				GCC_NO_COMMON_BLOCKS = YES;
				GCC_WARN_64_TO_32_BIT_CONVERSION = YES;
				GCC_WARN_ABOUT_RETURN_TYPE = YES_ERROR;
				GCC_WARN_UNDECLARED_SELECTOR = YES;
				GCC_WARN_UNINITIALIZED_AUTOS = YES_AGGRESSIVE;
				GCC_WARN_UNUSED_FUNCTION = YES;
				GCC_WARN_UNUSED_VARIABLE = YES;
				IPHONEOS_DEPLOYMENT_TARGET = 12.1;
				MTL_ENABLE_DEBUG_INFO = NO;
				MTL_FAST_MATH = YES;
				SDKROOT = iphoneos;
				SWIFT_COMPILATION_MODE = wholemodule;
				SWIFT_OPTIMIZATION_LEVEL = "-O";
				VALIDATE_PRODUCT = YES;
			};
			name = Release;
		};
		F6A0F66821F289ED00DCD4BA /* Debug */ = {
			isa = XCBuildConfiguration;
			buildSettings = {
				ASSETCATALOG_COMPILER_APPICON_NAME = AppIcon;
				CODE_SIGN_STYLE = Automatic;
				DEVELOPMENT_TEAM = TDK7JQ7C96;
				INFOPLIST_FILE = MyList/Info.plist;
				LD_RUNPATH_SEARCH_PATHS = (
					"$(inherited)",
					"@executable_path/Frameworks",
				);
				PRODUCT_BUNDLE_IDENTIFIER = com.sw2inform.MyList;
				PRODUCT_NAME = "$(TARGET_NAME)";
				SWIFT_VERSION = 4.2;
				TARGETED_DEVICE_FAMILY = "1,2";
			};
			name = Debug;
		};
		F6A0F66921F289ED00DCD4BA /* Release */ = {
			isa = XCBuildConfiguration;
			buildSettings = {
				ASSETCATALOG_COMPILER_APPICON_NAME = AppIcon;
				CODE_SIGN_STYLE = Automatic;
				DEVELOPMENT_TEAM = TDK7JQ7C96;
				INFOPLIST_FILE = MyList/Info.plist;
				LD_RUNPATH_SEARCH_PATHS = (
					"$(inherited)",
					"@executable_path/Frameworks",
				);
				PRODUCT_BUNDLE_IDENTIFIER = com.sw2inform.MyList;
				PRODUCT_NAME = "$(TARGET_NAME)";
				SWIFT_VERSION = 4.2;
				TARGETED_DEVICE_FAMILY = "1,2";
			};
			name = Release;
		};
/* End XCBuildConfiguration section */

/* Begin XCConfigurationList section */
		F6A0F65021F289EC00DCD4BA /* Build configuration list for PBXProject "MyList" */ = {
			isa = XCConfigurationList;
			buildConfigurations = (
				F6A0F66521F289ED00DCD4BA /* Debug */,
				F6A0F66621F289ED00DCD4BA /* Release */,
			);
			defaultConfigurationIsVisible = 0;
			defaultConfigurationName = Release;
		};
		F6A0F66721F289ED00DCD4BA /* Build configuration list for PBXNativeTarget "MyList" */ = {
			isa = XCConfigurationList;
			buildConfigurations = (
				F6A0F66821F289ED00DCD4BA /* Debug */,
				F6A0F66921F289ED00DCD4BA /* Release */,
			);
			defaultConfigurationIsVisible = 0;
			defaultConfigurationName = Release;
		};
/* End XCConfigurationList section */

/* Begin XCVersionGroup section */
		F63A15B122029D4400BCBF41 /* DataModel.xcdatamodeld */ = {
			isa = XCVersionGroup;
			children = (
				F63A15B222029D4400BCBF41 /* DataModel.xcdatamodel */,
			);
			currentVersion = F63A15B222029D4400BCBF41 /* DataModel.xcdatamodel */;
			path = DataModel.xcdatamodeld;
			sourceTree = "<group>";
			versionGroupType = wrapper.xcdatamodel;
		};
/* End XCVersionGroup section */
	};
	rootObject = F6A0F64D21F289EC00DCD4BA /* Project object */;
}
